// !$*UTF8*$!
{
	archiveVersion = 1;
	classes = {
	};
	objectVersion = 56;
	objects = {

/* Begin PBXBuildFile section */
		A293F70D29C340F2002F7C27 /* BudgetifyApp.swift in Sources */ = {isa = PBXBuildFile; fileRef = A293F70C29C340F2002F7C27 /* BudgetifyApp.swift */; };
		A293F70F29C340F2002F7C27 /* ContentView.swift in Sources */ = {isa = PBXBuildFile; fileRef = A293F70E29C340F2002F7C27 /* ContentView.swift */; };
		A293F71129C340F4002F7C27 /* Assets.xcassets in Resources */ = {isa = PBXBuildFile; fileRef = A293F71029C340F4002F7C27 /* Assets.xcassets */; };
		A293F71429C340F4002F7C27 /* Preview Assets.xcassets in Resources */ = {isa = PBXBuildFile; fileRef = A293F71329C340F4002F7C27 /* Preview Assets.xcassets */; };
		A293F71E29C340F4002F7C27 /* BudgetifyTests.swift in Sources */ = {isa = PBXBuildFile; fileRef = A293F71D29C340F4002F7C27 /* BudgetifyTests.swift */; };
		A293F72829C340F4002F7C27 /* BudgetifyUITests.swift in Sources */ = {isa = PBXBuildFile; fileRef = A293F72729C340F4002F7C27 /* BudgetifyUITests.swift */; };
		A293F72A29C340F4002F7C27 /* BudgetifyUITestsLaunchTests.swift in Sources */ = {isa = PBXBuildFile; fileRef = A293F72929C340F4002F7C27 /* BudgetifyUITestsLaunchTests.swift */; };
		A293F73729C342DB002F7C27 /* Extensions.swift in Sources */ = {isa = PBXBuildFile; fileRef = A293F73629C342DB002F7C27 /* Extensions.swift */; };
		A293F73929C34799002F7C27 /* TransactionCompute.swift in Sources */ = {isa = PBXBuildFile; fileRef = A293F73829C34799002F7C27 /* TransactionCompute.swift */; };
		A293F73B29C348AA002F7C27 /* PreviewData.swift in Sources */ = {isa = PBXBuildFile; fileRef = A293F73A29C348AA002F7C27 /* PreviewData.swift */; };
		A293F73F29C349B1002F7C27 /* TransactionRow.swift in Sources */ = {isa = PBXBuildFile; fileRef = A293F73E29C349B1002F7C27 /* TransactionRow.swift */; };
		A293F74229C34F61002F7C27 /* SwiftUIFontIcon in Frameworks */ = {isa = PBXBuildFile; productRef = A293F74129C34F61002F7C27 /* SwiftUIFontIcon */; };
		A293F74429C34FE9002F7C27 /* TransactionListView.swift in Sources */ = {isa = PBXBuildFile; fileRef = A293F74329C34FE9002F7C27 /* TransactionListView.swift */; };
		A293F74629C35462002F7C27 /* RecentTransaction.swift in Sources */ = {isa = PBXBuildFile; fileRef = A293F74529C35462002F7C27 /* RecentTransaction.swift */; };
		A293F74829C35F8D002F7C27 /* TransactionList.swift in Sources */ = {isa = PBXBuildFile; fileRef = A293F74729C35F8D002F7C27 /* TransactionList.swift */; };
/* End PBXBuildFile section */

/* Begin PBXContainerItemProxy section */
		A293F71A29C340F4002F7C27 /* PBXContainerItemProxy */ = {
			isa = PBXContainerItemProxy;
			containerPortal = A293F70129C340F2002F7C27 /* Project object */;
			proxyType = 1;
			remoteGlobalIDString = A293F70829C340F2002F7C27;
			remoteInfo = Budgetify;
		};
		A293F72429C340F4002F7C27 /* PBXContainerItemProxy */ = {
			isa = PBXContainerItemProxy;
			containerPortal = A293F70129C340F2002F7C27 /* Project object */;
			proxyType = 1;
			remoteGlobalIDString = A293F70829C340F2002F7C27;
			remoteInfo = Budgetify;
		};
/* End PBXContainerItemProxy section */

/* Begin PBXFileReference section */
		A293F70929C340F2002F7C27 /* Budgetify.app */ = {isa = PBXFileReference; explicitFileType = wrapper.application; includeInIndex = 0; path = Budgetify.app; sourceTree = BUILT_PRODUCTS_DIR; };
		A293F70C29C340F2002F7C27 /* BudgetifyApp.swift */ = {isa = PBXFileReference; lastKnownFileType = sourcecode.swift; path = BudgetifyApp.swift; sourceTree = "<group>"; };
		A293F70E29C340F2002F7C27 /* ContentView.swift */ = {isa = PBXFileReference; lastKnownFileType = sourcecode.swift; path = ContentView.swift; sourceTree = "<group>"; };
		A293F71029C340F4002F7C27 /* Assets.xcassets */ = {isa = PBXFileReference; lastKnownFileType = folder.assetcatalog; path = Assets.xcassets; sourceTree = "<group>"; };
		A293F71329C340F4002F7C27 /* Preview Assets.xcassets */ = {isa = PBXFileReference; lastKnownFileType = folder.assetcatalog; path = "Preview Assets.xcassets"; sourceTree = "<group>"; };
		A293F71929C340F4002F7C27 /* BudgetifyTests.xctest */ = {isa = PBXFileReference; explicitFileType = wrapper.cfbundle; includeInIndex = 0; path = BudgetifyTests.xctest; sourceTree = BUILT_PRODUCTS_DIR; };
		A293F71D29C340F4002F7C27 /* BudgetifyTests.swift */ = {isa = PBXFileReference; lastKnownFileType = sourcecode.swift; path = BudgetifyTests.swift; sourceTree = "<group>"; };
		A293F72329C340F4002F7C27 /* BudgetifyUITests.xctest */ = {isa = PBXFileReference; explicitFileType = wrapper.cfbundle; includeInIndex = 0; path = BudgetifyUITests.xctest; sourceTree = BUILT_PRODUCTS_DIR; };
		A293F72729C340F4002F7C27 /* BudgetifyUITests.swift */ = {isa = PBXFileReference; lastKnownFileType = sourcecode.swift; path = BudgetifyUITests.swift; sourceTree = "<group>"; };
		A293F72929C340F4002F7C27 /* BudgetifyUITestsLaunchTests.swift */ = {isa = PBXFileReference; lastKnownFileType = sourcecode.swift; path = BudgetifyUITestsLaunchTests.swift; sourceTree = "<group>"; };
		A293F73629C342DB002F7C27 /* Extensions.swift */ = {isa = PBXFileReference; lastKnownFileType = sourcecode.swift; path = Extensions.swift; sourceTree = "<group>"; };
		A293F73829C34799002F7C27 /* TransactionCompute.swift */ = {isa = PBXFileReference; lastKnownFileType = sourcecode.swift; path = TransactionCompute.swift; sourceTree = "<group>"; };
		A293F73A29C348AA002F7C27 /* PreviewData.swift */ = {isa = PBXFileReference; lastKnownFileType = sourcecode.swift; path = PreviewData.swift; sourceTree = "<group>"; };
		A293F73E29C349B1002F7C27 /* TransactionRow.swift */ = {isa = PBXFileReference; lastKnownFileType = sourcecode.swift; path = TransactionRow.swift; sourceTree = "<group>"; };
		A293F74329C34FE9002F7C27 /* TransactionListView.swift */ = {isa = PBXFileReference; lastKnownFileType = sourcecode.swift; path = TransactionListView.swift; sourceTree = "<group>"; };
		A293F74529C35462002F7C27 /* RecentTransaction.swift */ = {isa = PBXFileReference; lastKnownFileType = sourcecode.swift; path = RecentTransaction.swift; sourceTree = "<group>"; };
		A293F74729C35F8D002F7C27 /* TransactionList.swift */ = {isa = PBXFileReference; lastKnownFileType = sourcecode.swift; path = TransactionList.swift; sourceTree = "<group>"; };
/* End PBXFileReference section */

/* Begin PBXFrameworksBuildPhase section */
		A293F70629C340F2002F7C27 /* Frameworks */ = {
			isa = PBXFrameworksBuildPhase;
			buildActionMask = 2147483647;
			files = (
				A293F74229C34F61002F7C27 /* SwiftUIFontIcon in Frameworks */,
			);
			runOnlyForDeploymentPostprocessing = 0;
		};
		A293F71629C340F4002F7C27 /* Frameworks */ = {
			isa = PBXFrameworksBuildPhase;
			buildActionMask = 2147483647;
			files = (
			);
			runOnlyForDeploymentPostprocessing = 0;
		};
		A293F72029C340F4002F7C27 /* Frameworks */ = {
			isa = PBXFrameworksBuildPhase;
			buildActionMask = 2147483647;
			files = (
			);
			runOnlyForDeploymentPostprocessing = 0;
		};
/* End PBXFrameworksBuildPhase section */

/* Begin PBXGroup section */
		A293F70029C340F2002F7C27 = {
			isa = PBXGroup;
			children = (
				A293F70B29C340F2002F7C27 /* Budgetify */,
				A293F71C29C340F4002F7C27 /* BudgetifyTests */,
				A293F72629C340F4002F7C27 /* BudgetifyUITests */,
				A293F70A29C340F2002F7C27 /* Products */,
			);
			sourceTree = "<group>";
		};
		A293F70A29C340F2002F7C27 /* Products */ = {
			isa = PBXGroup;
			children = (
				A293F70929C340F2002F7C27 /* Budgetify.app */,
				A293F71929C340F4002F7C27 /* BudgetifyTests.xctest */,
				A293F72329C340F4002F7C27 /* BudgetifyUITests.xctest */,
			);
			name = Products;
			sourceTree = "<group>";
		};
		A293F70B29C340F2002F7C27 /* Budgetify */ = {
			isa = PBXGroup;
			children = (
				A293F70C29C340F2002F7C27 /* BudgetifyApp.swift */,
				A293F73629C342DB002F7C27 /* Extensions.swift */,
				A293F73829C34799002F7C27 /* TransactionCompute.swift */,
				A293F70E29C340F2002F7C27 /* ContentView.swift */,
				A293F74529C35462002F7C27 /* RecentTransaction.swift */,
				A293F74729C35F8D002F7C27 /* TransactionList.swift */,
				A293F73E29C349B1002F7C27 /* TransactionRow.swift */,
				A293F74329C34FE9002F7C27 /* TransactionListView.swift */,
				A293F71029C340F4002F7C27 /* Assets.xcassets */,
				A293F71229C340F4002F7C27 /* Preview Content */,
			);
			path = Budgetify;
			sourceTree = "<group>";
		};
		A293F71229C340F4002F7C27 /* Preview Content */ = {
			isa = PBXGroup;
			children = (
				A293F71329C340F4002F7C27 /* Preview Assets.xcassets */,
				A293F73A29C348AA002F7C27 /* PreviewData.swift */,
			);
			path = "Preview Content";
			sourceTree = "<group>";
		};
		A293F71C29C340F4002F7C27 /* BudgetifyTests */ = {
			isa = PBXGroup;
			children = (
				A293F71D29C340F4002F7C27 /* BudgetifyTests.swift */,
			);
			path = BudgetifyTests;
			sourceTree = "<group>";
		};
		A293F72629C340F4002F7C27 /* BudgetifyUITests */ = {
			isa = PBXGroup;
			children = (
				A293F72729C340F4002F7C27 /* BudgetifyUITests.swift */,
				A293F72929C340F4002F7C27 /* BudgetifyUITestsLaunchTests.swift */,
			);
			path = BudgetifyUITests;
			sourceTree = "<group>";
		};
/* End PBXGroup section */

/* Begin PBXNativeTarget section */
		A293F70829C340F2002F7C27 /* Budgetify */ = {
			isa = PBXNativeTarget;
			buildConfigurationList = A293F72D29C340F4002F7C27 /* Build configuration list for PBXNativeTarget "Budgetify" */;
			buildPhases = (
				A293F70529C340F2002F7C27 /* Sources */,
				A293F70629C340F2002F7C27 /* Frameworks */,
				A293F70729C340F2002F7C27 /* Resources */,
			);
			buildRules = (
			);
			dependencies = (
			);
			name = Budgetify;
			packageProductDependencies = (
				A293F74129C34F61002F7C27 /* SwiftUIFontIcon */,
			);
			productName = Budgetify;
			productReference = A293F70929C340F2002F7C27 /* Budgetify.app */;
			productType = "com.apple.product-type.application";
		};
		A293F71829C340F4002F7C27 /* BudgetifyTests */ = {
			isa = PBXNativeTarget;
			buildConfigurationList = A293F73029C340F4002F7C27 /* Build configuration list for PBXNativeTarget "BudgetifyTests" */;
			buildPhases = (
				A293F71529C340F4002F7C27 /* Sources */,
				A293F71629C340F4002F7C27 /* Frameworks */,
				A293F71729C340F4002F7C27 /* Resources */,
			);
			buildRules = (
			);
			dependencies = (
				A293F71B29C340F4002F7C27 /* PBXTargetDependency */,
			);
			name = BudgetifyTests;
			productName = BudgetifyTests;
			productReference = A293F71929C340F4002F7C27 /* BudgetifyTests.xctest */;
			productType = "com.apple.product-type.bundle.unit-test";
		};
		A293F72229C340F4002F7C27 /* BudgetifyUITests */ = {
			isa = PBXNativeTarget;
			buildConfigurationList = A293F73329C340F4002F7C27 /* Build configuration list for PBXNativeTarget "BudgetifyUITests" */;
			buildPhases = (
				A293F71F29C340F4002F7C27 /* Sources */,
				A293F72029C340F4002F7C27 /* Frameworks */,
				A293F72129C340F4002F7C27 /* Resources */,
			);
			buildRules = (
			);
			dependencies = (
				A293F72529C340F4002F7C27 /* PBXTargetDependency */,
			);
			name = BudgetifyUITests;
			productName = BudgetifyUITests;
			productReference = A293F72329C340F4002F7C27 /* BudgetifyUITests.xctest */;
			productType = "com.apple.product-type.bundle.ui-testing";
		};
/* End PBXNativeTarget section */

/* Begin PBXProject section */
		A293F70129C340F2002F7C27 /* Project object */ = {
			isa = PBXProject;
			attributes = {
				BuildIndependentTargetsInParallel = 1;
				LastSwiftUpdateCheck = 1420;
				LastUpgradeCheck = 1420;
				TargetAttributes = {
					A293F70829C340F2002F7C27 = {
						CreatedOnToolsVersion = 14.2;
					};
					A293F71829C340F4002F7C27 = {
						CreatedOnToolsVersion = 14.2;
						TestTargetID = A293F70829C340F2002F7C27;
					};
					A293F72229C340F4002F7C27 = {
						CreatedOnToolsVersion = 14.2;
						TestTargetID = A293F70829C340F2002F7C27;
					};
				};
			};
			buildConfigurationList = A293F70429C340F2002F7C27 /* Build configuration list for PBXProject "Budgetify" */;
			compatibilityVersion = "Xcode 14.0";
			developmentRegion = en;
			hasScannedForEncodings = 0;
			knownRegions = (
				en,
				Base,
			);
			mainGroup = A293F70029C340F2002F7C27;
			packageReferences = (
				A293F74029C34F61002F7C27 /* XCRemoteSwiftPackageReference "SwiftUIFontIcon" */,
			);
			productRefGroup = A293F70A29C340F2002F7C27 /* Products */;
			projectDirPath = "";
			projectRoot = "";
			targets = (
				A293F70829C340F2002F7C27 /* Budgetify */,
				A293F71829C340F4002F7C27 /* BudgetifyTests */,
				A293F72229C340F4002F7C27 /* BudgetifyUITests */,
			);
		};
/* End PBXProject section */

/* Begin PBXResourcesBuildPhase section */
		A293F70729C340F2002F7C27 /* Resources */ = {
			isa = PBXResourcesBuildPhase;
			buildActionMask = 2147483647;
			files = (
				A293F71429C340F4002F7C27 /* Preview Assets.xcassets in Resources */,
				A293F71129C340F4002F7C27 /* Assets.xcassets in Resources */,
			);
			runOnlyForDeploymentPostprocessing = 0;
		};
		A293F71729C340F4002F7C27 /* Resources */ = {
			isa = PBXResourcesBuildPhase;
			buildActionMask = 2147483647;
			files = (
			);
			runOnlyForDeploymentPostprocessing = 0;
		};
		A293F72129C340F4002F7C27 /* Resources */ = {
			isa = PBXResourcesBuildPhase;
			buildActionMask = 2147483647;
			files = (
			);
			runOnlyForDeploymentPostprocessing = 0;
		};
/* End PBXResourcesBuildPhase section */

/* Begin PBXSourcesBuildPhase section */
		A293F70529C340F2002F7C27 /* Sources */ = {
			isa = PBXSourcesBuildPhase;
			buildActionMask = 2147483647;
			files = (
				A293F73B29C348AA002F7C27 /* PreviewData.swift in Sources */,
				A293F74829C35F8D002F7C27 /* TransactionList.swift in Sources */,
				A293F74629C35462002F7C27 /* RecentTransaction.swift in Sources */,
				A293F70F29C340F2002F7C27 /* ContentView.swift in Sources */,
				A293F73729C342DB002F7C27 /* Extensions.swift in Sources */,
				A293F73F29C349B1002F7C27 /* TransactionRow.swift in Sources */,
				A293F73929C34799002F7C27 /* TransactionCompute.swift in Sources */,
				A293F74429C34FE9002F7C27 /* TransactionListView.swift in Sources */,
				A293F70D29C340F2002F7C27 /* BudgetifyApp.swift in Sources */,
			);
			runOnlyForDeploymentPostprocessing = 0;
		};
		A293F71529C340F4002F7C27 /* Sources */ = {
			isa = PBXSourcesBuildPhase;
			buildActionMask = 2147483647;
			files = (
				A293F71E29C340F4002F7C27 /* BudgetifyTests.swift in Sources */,
			);
			runOnlyForDeploymentPostprocessing = 0;
		};
		A293F71F29C340F4002F7C27 /* Sources */ = {
			isa = PBXSourcesBuildPhase;
			buildActionMask = 2147483647;
			files = (
				A293F72A29C340F4002F7C27 /* BudgetifyUITestsLaunchTests.swift in Sources */,
				A293F72829C340F4002F7C27 /* BudgetifyUITests.swift in Sources */,
			);
			runOnlyForDeploymentPostprocessing = 0;
		};
/* End PBXSourcesBuildPhase section */

/* Begin PBXTargetDependency section */
		A293F71B29C340F4002F7C27 /* PBXTargetDependency */ = {
			isa = PBXTargetDependency;
			target = A293F70829C340F2002F7C27 /* Budgetify */;
			targetProxy = A293F71A29C340F4002F7C27 /* PBXContainerItemProxy */;
		};
		A293F72529C340F4002F7C27 /* PBXTargetDependency */ = {
			isa = PBXTargetDependency;
			target = A293F70829C340F2002F7C27 /* Budgetify */;
			targetProxy = A293F72429C340F4002F7C27 /* PBXContainerItemProxy */;
		};
/* End PBXTargetDependency section */

/* Begin XCBuildConfiguration section */
		A293F72B29C340F4002F7C27 /* Debug */ = {
			isa = XCBuildConfiguration;
			buildSettings = {
				ALWAYS_SEARCH_USER_PATHS = NO;
				CLANG_ANALYZER_NONNULL = YES;
				CLANG_ANALYZER_NUMBER_OBJECT_CONVERSION = YES_AGGRESSIVE;
				CLANG_CXX_LANGUAGE_STANDARD = "gnu++20";
				CLANG_ENABLE_MODULES = YES;
				CLANG_ENABLE_OBJC_ARC = YES;
				CLANG_ENABLE_OBJC_WEAK = YES;
				CLANG_WARN_BLOCK_CAPTURE_AUTORELEASING = YES;
				CLANG_WARN_BOOL_CONVERSION = YES;
				CLANG_WARN_COMMA = YES;
				CLANG_WARN_CONSTANT_CONVERSION = YES;
				CLANG_WARN_DEPRECATED_OBJC_IMPLEMENTATIONS = YES;
				CLANG_WARN_DIRECT_OBJC_ISA_USAGE = YES_ERROR;
				CLANG_WARN_DOCUMENTATION_COMMENTS = YES;
				CLANG_WARN_EMPTY_BODY = YES;
				CLANG_WARN_ENUM_CONVERSION = YES;
				CLANG_WARN_INFINITE_RECURSION = YES;
				CLANG_WARN_INT_CONVERSION = YES;
				CLANG_WARN_NON_LITERAL_NULL_CONVERSION = YES;
				CLANG_WARN_OBJC_IMPLICIT_RETAIN_SELF = YES;
				CLANG_WARN_OBJC_LITERAL_CONVERSION = YES;
				CLANG_WARN_OBJC_ROOT_CLASS = YES_ERROR;
				CLANG_WARN_QUOTED_INCLUDE_IN_FRAMEWORK_HEADER = YES;
				CLANG_WARN_RANGE_LOOP_ANALYSIS = YES;
				CLANG_WARN_STRICT_PROTOTYPES = YES;
				CLANG_WARN_SUSPICIOUS_MOVE = YES;
				CLANG_WARN_UNGUARDED_AVAILABILITY = YES_AGGRESSIVE;
				CLANG_WARN_UNREACHABLE_CODE = YES;
				CLANG_WARN__DUPLICATE_METHOD_MATCH = YES;
				COPY_PHASE_STRIP = NO;
				DEBUG_INFORMATION_FORMAT = dwarf;
				ENABLE_STRICT_OBJC_MSGSEND = YES;
				ENABLE_TESTABILITY = YES;
				GCC_C_LANGUAGE_STANDARD = gnu11;
				GCC_DYNAMIC_NO_PIC = NO;
				GCC_NO_COMMON_BLOCKS = YES;
				GCC_OPTIMIZATION_LEVEL = 0;
				GCC_PREPROCESSOR_DEFINITIONS = (
					"DEBUG=1",
					"$(inherited)",
				);
				GCC_WARN_64_TO_32_BIT_CONVERSION = YES;
				GCC_WARN_ABOUT_RETURN_TYPE = YES_ERROR;
				GCC_WARN_UNDECLARED_SELECTOR = YES;
				GCC_WARN_UNINITIALIZED_AUTOS = YES_AGGRESSIVE;
				GCC_WARN_UNUSED_FUNCTION = YES;
				GCC_WARN_UNUSED_VARIABLE = YES;
				IPHONEOS_DEPLOYMENT_TARGET = 16.2;
				MTL_ENABLE_DEBUG_INFO = INCLUDE_SOURCE;
				MTL_FAST_MATH = YES;
				ONLY_ACTIVE_ARCH = YES;
				SDKROOT = iphoneos;
				SWIFT_ACTIVE_COMPILATION_CONDITIONS = DEBUG;
				SWIFT_OPTIMIZATION_LEVEL = "-Onone";
			};
			name = Debug;
		};
		A293F72C29C340F4002F7C27 /* Release */ = {
			isa = XCBuildConfiguration;
			buildSettings = {
				ALWAYS_SEARCH_USER_PATHS = NO;
				CLANG_ANALYZER_NONNULL = YES;
				CLANG_ANALYZER_NUMBER_OBJECT_CONVERSION = YES_AGGRESSIVE;
				CLANG_CXX_LANGUAGE_STANDARD = "gnu++20";
				CLANG_ENABLE_MODULES = YES;
				CLANG_ENABLE_OBJC_ARC = YES;
				CLANG_ENABLE_OBJC_WEAK = YES;
				CLANG_WARN_BLOCK_CAPTURE_AUTORELEASING = YES;
				CLANG_WARN_BOOL_CONVERSION = YES;
				CLANG_WARN_COMMA = YES;
				CLANG_WARN_CONSTANT_CONVERSION = YES;
				CLANG_WARN_DEPRECATED_OBJC_IMPLEMENTATIONS = YES;
				CLANG_WARN_DIRECT_OBJC_ISA_USAGE = YES_ERROR;
				CLANG_WARN_DOCUMENTATION_COMMENTS = YES;
				CLANG_WARN_EMPTY_BODY = YES;
				CLANG_WARN_ENUM_CONVERSION = YES;
				CLANG_WARN_INFINITE_RECURSION = YES;
				CLANG_WARN_INT_CONVERSION = YES;
				CLANG_WARN_NON_LITERAL_NULL_CONVERSION = YES;
				CLANG_WARN_OBJC_IMPLICIT_RETAIN_SELF = YES;
				CLANG_WARN_OBJC_LITERAL_CONVERSION = YES;
				CLANG_WARN_OBJC_ROOT_CLASS = YES_ERROR;
				CLANG_WARN_QUOTED_INCLUDE_IN_FRAMEWORK_HEADER = YES;
				CLANG_WARN_RANGE_LOOP_ANALYSIS = YES;
				CLANG_WARN_STRICT_PROTOTYPES = YES;
				CLANG_WARN_SUSPICIOUS_MOVE = YES;
				CLANG_WARN_UNGUARDED_AVAILABILITY = YES_AGGRESSIVE;
				CLANG_WARN_UNREACHABLE_CODE = YES;
				CLANG_WARN__DUPLICATE_METHOD_MATCH = YES;
				COPY_PHASE_STRIP = NO;
				DEBUG_INFORMATION_FORMAT = "dwarf-with-dsym";
				ENABLE_NS_ASSERTIONS = NO;
				ENABLE_STRICT_OBJC_MSGSEND = YES;
				GCC_C_LANGUAGE_STANDARD = gnu11;
				GCC_NO_COMMON_BLOCKS = YES;
				GCC_WARN_64_TO_32_BIT_CONVERSION = YES;
				GCC_WARN_ABOUT_RETURN_TYPE = YES_ERROR;
				GCC_WARN_UNDECLARED_SELECTOR = YES;
				GCC_WARN_UNINITIALIZED_AUTOS = YES_AGGRESSIVE;
				GCC_WARN_UNUSED_FUNCTION = YES;
				GCC_WARN_UNUSED_VARIABLE = YES;
				IPHONEOS_DEPLOYMENT_TARGET = 16.2;
				MTL_ENABLE_DEBUG_INFO = NO;
				MTL_FAST_MATH = YES;
				SDKROOT = iphoneos;
				SWIFT_COMPILATION_MODE = wholemodule;
				SWIFT_OPTIMIZATION_LEVEL = "-O";
				VALIDATE_PRODUCT = YES;
			};
			name = Release;
		};
		A293F72E29C340F4002F7C27 /* Debug */ = {
			isa = XCBuildConfiguration;
			buildSettings = {
				ASSETCATALOG_COMPILER_APPICON_NAME = AppIcon;
				ASSETCATALOG_COMPILER_GLOBAL_ACCENT_COLOR_NAME = AccentColor;
				CODE_SIGN_STYLE = Automatic;
				CURRENT_PROJECT_VERSION = 1;
				DEVELOPMENT_ASSET_PATHS = "\"Budgetify/Preview Content\"";
				DEVELOPMENT_TEAM = UTRFZD6B4N;
				ENABLE_PREVIEWS = YES;
				GENERATE_INFOPLIST_FILE = YES;
				INFOPLIST_KEY_UIApplicationSceneManifest_Generation = YES;
				INFOPLIST_KEY_UIApplicationSupportsIndirectInputEvents = YES;
				INFOPLIST_KEY_UILaunchScreen_Generation = YES;
				INFOPLIST_KEY_UISupportedInterfaceOrientations_iPad = "UIInterfaceOrientationPortrait UIInterfaceOrientationPortraitUpsideDown UIInterfaceOrientationLandscapeLeft UIInterfaceOrientationLandscapeRight";
				INFOPLIST_KEY_UISupportedInterfaceOrientations_iPhone = "UIInterfaceOrientationPortrait UIInterfaceOrientationLandscapeLeft UIInterfaceOrientationLandscapeRight";
				LD_RUNPATH_SEARCH_PATHS = (
					"$(inherited)",
					"@executable_path/Frameworks",
				);
				MARKETING_VERSION = 1.0;
				PRODUCT_BUNDLE_IDENTIFIER = com.ahrazyousuf.Budgetify;
				PRODUCT_NAME = "$(TARGET_NAME)";
				SWIFT_EMIT_LOC_STRINGS = YES;
				SWIFT_VERSION = 5.0;
				TARGETED_DEVICE_FAMILY = "1,2";
			};
			name = Debug;
		};
		A293F72F29C340F4002F7C27 /* Release */ = {
			isa = XCBuildConfiguration;
			buildSettings = {
				ASSETCATALOG_COMPILER_APPICON_NAME = AppIcon;
				ASSETCATALOG_COMPILER_GLOBAL_ACCENT_COLOR_NAME = AccentColor;
				CODE_SIGN_STYLE = Automatic;
				CURRENT_PROJECT_VERSION = 1;
				DEVELOPMENT_ASSET_PATHS = "\"Budgetify/Preview Content\"";
				DEVELOPMENT_TEAM = UTRFZD6B4N;
				ENABLE_PREVIEWS = YES;
				GENERATE_INFOPLIST_FILE = YES;
				INFOPLIST_KEY_UIApplicationSceneManifest_Generation = YES;
				INFOPLIST_KEY_UIApplicationSupportsIndirectInputEvents = YES;
				INFOPLIST_KEY_UILaunchScreen_Generation = YES;
				INFOPLIST_KEY_UISupportedInterfaceOrientations_iPad = "UIInterfaceOrientationPortrait UIInterfaceOrientationPortraitUpsideDown UIInterfaceOrientationLandscapeLeft UIInterfaceOrientationLandscapeRight";
				INFOPLIST_KEY_UISupportedInterfaceOrientations_iPhone = "UIInterfaceOrientationPortrait UIInterfaceOrientationLandscapeLeft UIInterfaceOrientationLandscapeRight";
				LD_RUNPATH_SEARCH_PATHS = (
					"$(inherited)",
					"@executable_path/Frameworks",
				);
				MARKETING_VERSION = 1.0;
				PRODUCT_BUNDLE_IDENTIFIER = com.ahrazyousuf.Budgetify;
				PRODUCT_NAME = "$(TARGET_NAME)";
				SWIFT_EMIT_LOC_STRINGS = YES;
				SWIFT_VERSION = 5.0;
				TARGETED_DEVICE_FAMILY = "1,2";
			};
			name = Release;
		};
		A293F73129C340F4002F7C27 /* Debug */ = {
			isa = XCBuildConfiguration;
			buildSettings = {
				ALWAYS_EMBED_SWIFT_STANDARD_LIBRARIES = YES;
				BUNDLE_LOADER = "$(TEST_HOST)";
				CODE_SIGN_STYLE = Automatic;
				CURRENT_PROJECT_VERSION = 1;
				DEVELOPMENT_TEAM = UTRFZD6B4N;
				GENERATE_INFOPLIST_FILE = YES;
				IPHONEOS_DEPLOYMENT_TARGET = 16.2;
				MARKETING_VERSION = 1.0;
				PRODUCT_BUNDLE_IDENTIFIER = com.ahrazyousuf.BudgetifyTests;
				PRODUCT_NAME = "$(TARGET_NAME)";
				SWIFT_EMIT_LOC_STRINGS = NO;
				SWIFT_VERSION = 5.0;
				TARGETED_DEVICE_FAMILY = "1,2";
				TEST_HOST = "$(BUILT_PRODUCTS_DIR)/Budgetify.app/$(BUNDLE_EXECUTABLE_FOLDER_PATH)/Budgetify";
			};
			name = Debug;
		};
		A293F73229C340F4002F7C27 /* Release */ = {
			isa = XCBuildConfiguration;
			buildSettings = {
				ALWAYS_EMBED_SWIFT_STANDARD_LIBRARIES = YES;
				BUNDLE_LOADER = "$(TEST_HOST)";
				CODE_SIGN_STYLE = Automatic;
				CURRENT_PROJECT_VERSION = 1;
				DEVELOPMENT_TEAM = UTRFZD6B4N;
				GENERATE_INFOPLIST_FILE = YES;
				IPHONEOS_DEPLOYMENT_TARGET = 16.2;
				MARKETING_VERSION = 1.0;
				PRODUCT_BUNDLE_IDENTIFIER = com.ahrazyousuf.BudgetifyTests;
				PRODUCT_NAME = "$(TARGET_NAME)";
				SWIFT_EMIT_LOC_STRINGS = NO;
				SWIFT_VERSION = 5.0;
				TARGETED_DEVICE_FAMILY = "1,2";
				TEST_HOST = "$(BUILT_PRODUCTS_DIR)/Budgetify.app/$(BUNDLE_EXECUTABLE_FOLDER_PATH)/Budgetify";
			};
			name = Release;
		};
		A293F73429C340F4002F7C27 /* Debug */ = {
			isa = XCBuildConfiguration;
			buildSettings = {
				ALWAYS_EMBED_SWIFT_STANDARD_LIBRARIES = YES;
				CODE_SIGN_STYLE = Automatic;
				CURRENT_PROJECT_VERSION = 1;
				DEVELOPMENT_TEAM = UTRFZD6B4N;
				GENERATE_INFOPLIST_FILE = YES;
				MARKETING_VERSION = 1.0;
				PRODUCT_BUNDLE_IDENTIFIER = com.ahrazyousuf.BudgetifyUITests;
				PRODUCT_NAME = "$(TARGET_NAME)";
				SWIFT_EMIT_LOC_STRINGS = NO;
				SWIFT_VERSION = 5.0;
				TARGETED_DEVICE_FAMILY = "1,2";
				TEST_TARGET_NAME = Budgetify;
			};
			name = Debug;
		};
		A293F73529C340F4002F7C27 /* Release */ = {
			isa = XCBuildConfiguration;
			buildSettings = {
				ALWAYS_EMBED_SWIFT_STANDARD_LIBRARIES = YES;
				CODE_SIGN_STYLE = Automatic;
				CURRENT_PROJECT_VERSION = 1;
				DEVELOPMENT_TEAM = UTRFZD6B4N;
				GENERATE_INFOPLIST_FILE = YES;
				MARKETING_VERSION = 1.0;
				PRODUCT_BUNDLE_IDENTIFIER = com.ahrazyousuf.BudgetifyUITests;
				PRODUCT_NAME = "$(TARGET_NAME)";
				SWIFT_EMIT_LOC_STRINGS = NO;
				SWIFT_VERSION = 5.0;
				TARGETED_DEVICE_FAMILY = "1,2";
				TEST_TARGET_NAME = Budgetify;
			};
			name = Release;
		};
/* End XCBuildConfiguration section */

/* Begin XCConfigurationList section */
		A293F70429C340F2002F7C27 /* Build configuration list for PBXProject "Budgetify" */ = {
			isa = XCConfigurationList;
			buildConfigurations = (
				A293F72B29C340F4002F7C27 /* Debug */,
				A293F72C29C340F4002F7C27 /* Release */,
			);
			defaultConfigurationIsVisible = 0;
			defaultConfigurationName = Release;
		};
		A293F72D29C340F4002F7C27 /* Build configuration list for PBXNativeTarget "Budgetify" */ = {
			isa = XCConfigurationList;
			buildConfigurations = (
				A293F72E29C340F4002F7C27 /* Debug */,
				A293F72F29C340F4002F7C27 /* Release */,
			);
			defaultConfigurationIsVisible = 0;
			defaultConfigurationName = Release;
		};
		A293F73029C340F4002F7C27 /* Build configuration list for PBXNativeTarget "BudgetifyTests" */ = {
			isa = XCConfigurationList;
			buildConfigurations = (
				A293F73129C340F4002F7C27 /* Debug */,
				A293F73229C340F4002F7C27 /* Release */,
			);
			defaultConfigurationIsVisible = 0;
			defaultConfigurationName = Release;
		};
		A293F73329C340F4002F7C27 /* Build configuration list for PBXNativeTarget "BudgetifyUITests" */ = {
			isa = XCConfigurationList;
			buildConfigurations = (
				A293F73429C340F4002F7C27 /* Debug */,
				A293F73529C340F4002F7C27 /* Release */,
			);
			defaultConfigurationIsVisible = 0;
			defaultConfigurationName = Release;
		};
/* End XCConfigurationList section */

/* Begin XCRemoteSwiftPackageReference section */
		A293F74029C34F61002F7C27 /* XCRemoteSwiftPackageReference "SwiftUIFontIcon" */ = {
			isa = XCRemoteSwiftPackageReference;
			repositoryURL = "https://github.com/huybuidac/SwiftUIFontIcon";
			requirement = {
				branch = master;
				kind = branch;
			};
		};
/* End XCRemoteSwiftPackageReference section */

/* Begin XCSwiftPackageProductDependency section */
		A293F74129C34F61002F7C27 /* SwiftUIFontIcon */ = {
			isa = XCSwiftPackageProductDependency;
			package = A293F74029C34F61002F7C27 /* XCRemoteSwiftPackageReference "SwiftUIFontIcon" */;
			productName = SwiftUIFontIcon;
		};
/* End XCSwiftPackageProductDependency section */
	};
	rootObject = A293F70129C340F2002F7C27 /* Project object */;
}
